
Microsoft Visual Studio Solution File, Format Version 12.00
# Visual Studio 15
VisualStudioVersion = 15.0.28010.0
MinimumVisualStudioVersion = 10.0.40219.1
Project("{9A19103F-16F7-4668-BE54-9A1E7A4F7556}") = "QApp", "src\QApp\QApp.csproj", "{B8791AA8-975C-43DC-9676-825D8C4303CF}"
EndProject
Project("{9A19103F-16F7-4668-BE54-9A1E7A4F7556}") = "QApp.Test", "test\QApp.Test\QApp.Test.csproj", "{83C8F642-EE4E-46B7-A2CE-3278FD0FED76}"
EndProject
Global
	GlobalSection(SolutionConfigurationPlatforms) = preSolution
		Debug|Any CPU = Debug|Any CPU
		Release|Any CPU = Release|Any CPU
	EndGlobalSection
	GlobalSection(ProjectConfigurationPlatforms) = postSolution
		{B8791AA8-975C-43DC-9676-825D8C4303CF}.Debug|Any CPU.ActiveCfg = Debug|Any CPU
		{B8791AA8-975C-43DC-9676-825D8C4303CF}.Debug|Any CPU.Build.0 = Debug|Any CPU
		{B8791AA8-975C-43DC-9676-825D8C4303CF}.Release|Any CPU.ActiveCfg = Release|Any CPU
		{B8791AA8-975C-43DC-9676-825D8C4303CF}.Release|Any CPU.Build.0 = Release|Any CPU
		{83C8F642-EE4E-46B7-A2CE-3278FD0FED76}.Debug|Any CPU.ActiveCfg = Debug|Any CPU
		{83C8F642-EE4E-46B7-A2CE-3278FD0FED76}.Debug|Any CPU.Build.0 = Debug|Any CPU
		{83C8F642-EE4E-46B7-A2CE-3278FD0FED76}.Release|Any CPU.ActiveCfg = Release|Any CPU
		{83C8F642-EE4E-46B7-A2CE-3278FD0FED76}.Release|Any CPU.Build.0 = Release|Any CPU
	EndGlobalSection
	GlobalSection(SolutionProperties) = preSolution
		HideSolutionNode = FALSE
	EndGlobalSection
	GlobalSection(ExtensibilityGlobals) = postSolution
		SolutionGuid = {34BA81E2-6E4D-4F1C-8BDD-6F6DFC5A606B}
	EndGlobalSection
EndGlobal
