
Microsoft Visual Studio Solution File, Format Version 12.00
# Visual Studio 15
VisualStudioVersion = 15.0.28010.0
MinimumVisualStudioVersion = 10.0.40219.1
Project("{FAE04EC0-301F-11D3-BF4B-00C04F79EFBC}") = "QApp", "QApp\QApp.csproj", "{9FB04355-EDFF-4DC3-BC52-4BAC3D536481}"
EndProject
Project("{FAE04EC0-301F-11D3-BF4B-00C04F79EFBC}") = "QApp.Test", "QApp.Test\QApp.Test.csproj", "{B33D4748-CAD1-4276-90F0-DAA00A45AF23}"
EndProject
Global
	GlobalSection(SolutionConfigurationPlatforms) = preSolution
		Debug|Any CPU = Debug|Any CPU
		Release|Any CPU = Release|Any CPU
	EndGlobalSection
	GlobalSection(ProjectConfigurationPlatforms) = postSolution
		{9FB04355-EDFF-4DC3-BC52-4BAC3D536481}.Debug|Any CPU.ActiveCfg = Debug|Any CPU
		{9FB04355-EDFF-4DC3-BC52-4BAC3D536481}.Debug|Any CPU.Build.0 = Debug|Any CPU
		{9FB04355-EDFF-4DC3-BC52-4BAC3D536481}.Release|Any CPU.ActiveCfg = Release|Any CPU
		{9FB04355-EDFF-4DC3-BC52-4BAC3D536481}.Release|Any CPU.Build.0 = Release|Any CPU
		{B33D4748-CAD1-4276-90F0-DAA00A45AF23}.Debug|Any CPU.ActiveCfg = Debug|Any CPU
		{B33D4748-CAD1-4276-90F0-DAA00A45AF23}.Debug|Any CPU.Build.0 = Debug|Any CPU
		{B33D4748-CAD1-4276-90F0-DAA00A45AF23}.Release|Any CPU.ActiveCfg = Release|Any CPU
		{B33D4748-CAD1-4276-90F0-DAA00A45AF23}.Release|Any CPU.Build.0 = Release|Any CPU
	EndGlobalSection
	GlobalSection(SolutionProperties) = preSolution
		HideSolutionNode = FALSE
	EndGlobalSection
	GlobalSection(ExtensibilityGlobals) = postSolution
		SolutionGuid = {34BA81E2-6E4D-4F1C-8BDD-6F6DFC5A606B}
	EndGlobalSection
EndGlobal
